example:
  cmd: papermill --log-output --stdout-file /dev/stdout seam_carving.ipynb /dev/null
  deps:
  - path: data/source.jpg
    md5: a71467338a51fa0733051c52d5433c55
  params:
    params.yaml:
      downsize: 1000
      gif: true
      n_shrink: 70
  outs:
  - path: data/process.gif
    md5: 4ba58e659cbe2b6d413ceecafac0d7c3
  - path: data/target.jpg
    md5: 50d9544675ff9e05fdbc435157969b8f
